
Microsoft Visual Studio Solution File, Format Version 12.00
# Visual Studio Version 16
VisualStudioVersion = 16.0.31727.386
MinimumVisualStudioVersion = 10.0.40219.1
Project("{2150E333-8FDC-42A3-9474-1A3956D46DE8}") = "Backend", "Backend", "{800539E4-91B9-47D6-9627-9E248C70B699}"
EndProject
Project("{2150E333-8FDC-42A3-9474-1A3956D46DE8}") = "Frontend", "Frontend", "{C5EB1D1A-CE89-43AC-ACF3-0A12E99AFD1C}"
EndProject
Project("{2150E333-8FDC-42A3-9474-1A3956D46DE8}") = "Shared", "Shared", "{722AE77B-EAE6-4CD4-A689-423849D2350A}"
EndProject
Project("{9A19103F-16F7-4668-BE54-9A1E7A4F7556}") = "U4WM55_HFT_2021221.Client", "U4WM55_HFT_2021221.Client\U4WM55_HFT_2021221.Client.csproj", "{8877DD5C-88D1-49F0-9C2A-85C93C31F819}"
EndProject
Project("{9A19103F-16F7-4668-BE54-9A1E7A4F7556}") = "U4WM55_HFT_2021221.Models", "U4WM55_HFT_2021221.Models\U4WM55_HFT_2021221.Models.csproj", "{1B6F6D7D-F8DB-4226-8716-E33BD3C635B2}"
EndProject
Project("{9A19103F-16F7-4668-BE54-9A1E7A4F7556}") = "U4WM55_HFT_2021221.Data", "U4WM55_HFT_2021221.Data\U4WM55_HFT_2021221.Data.csproj", "{547FE7EF-B2C9-4961-AB8F-50D076637149}"
EndProject
Project("{9A19103F-16F7-4668-BE54-9A1E7A4F7556}") = "U4WM55_HFT_2021221.Logic", "U4WM55_HFT_2021221.Logic\U4WM55_HFT_2021221.Logic.csproj", "{12073AB4-DDD4-46FB-B4C6-72D619FF6DBA}"
EndProject
Project("{9A19103F-16F7-4668-BE54-9A1E7A4F7556}") = "U4WM55_HFT_2021221.Repository", "U4WM55_HFT_2021221.Repository\U4WM55_HFT_2021221.Repository.csproj", "{0B66B988-D8F0-4832-A700-E29C9C4CC100}"
EndProject
Project("{9A19103F-16F7-4668-BE54-9A1E7A4F7556}") = "U4WM55_HFT_2021221.Test", "U4WM55_HFT_2021221.Test\U4WM55_HFT_2021221.Test.csproj", "{D08ED5A2-91D6-4A9B-BCC1-E441E06AE2A4}"
EndProject
Project("{9A19103F-16F7-4668-BE54-9A1E7A4F7556}") = "U4WM55_HFT_2021221.Endpoint", "U4WM55_HFT_2021221.Endpoint\U4WM55_HFT_2021221.Endpoint.csproj", "{9B3C1610-812E-4B76-864D-113D7EBB918D}"
EndProject
Global
	GlobalSection(SolutionConfigurationPlatforms) = preSolution
		Debug|Any CPU = Debug|Any CPU
		Release|Any CPU = Release|Any CPU
	EndGlobalSection
	GlobalSection(ProjectConfigurationPlatforms) = postSolution
		{8877DD5C-88D1-49F0-9C2A-85C93C31F819}.Debug|Any CPU.ActiveCfg = Debug|Any CPU
		{8877DD5C-88D1-49F0-9C2A-85C93C31F819}.Debug|Any CPU.Build.0 = Debug|Any CPU
		{8877DD5C-88D1-49F0-9C2A-85C93C31F819}.Release|Any CPU.ActiveCfg = Release|Any CPU
		{8877DD5C-88D1-49F0-9C2A-85C93C31F819}.Release|Any CPU.Build.0 = Release|Any CPU
		{1B6F6D7D-F8DB-4226-8716-E33BD3C635B2}.Debug|Any CPU.ActiveCfg = Debug|Any CPU
		{1B6F6D7D-F8DB-4226-8716-E33BD3C635B2}.Debug|Any CPU.Build.0 = Debug|Any CPU
		{1B6F6D7D-F8DB-4226-8716-E33BD3C635B2}.Release|Any CPU.ActiveCfg = Release|Any CPU
		{1B6F6D7D-F8DB-4226-8716-E33BD3C635B2}.Release|Any CPU.Build.0 = Release|Any CPU
		{547FE7EF-B2C9-4961-AB8F-50D076637149}.Debug|Any CPU.ActiveCfg = Debug|Any CPU
		{547FE7EF-B2C9-4961-AB8F-50D076637149}.Debug|Any CPU.Build.0 = Debug|Any CPU
		{547FE7EF-B2C9-4961-AB8F-50D076637149}.Release|Any CPU.ActiveCfg = Release|Any CPU
		{547FE7EF-B2C9-4961-AB8F-50D076637149}.Release|Any CPU.Build.0 = Release|Any CPU
		{12073AB4-DDD4-46FB-B4C6-72D619FF6DBA}.Debug|Any CPU.ActiveCfg = Debug|Any CPU
		{12073AB4-DDD4-46FB-B4C6-72D619FF6DBA}.Debug|Any CPU.Build.0 = Debug|Any CPU
		{12073AB4-DDD4-46FB-B4C6-72D619FF6DBA}.Release|Any CPU.ActiveCfg = Release|Any CPU
		{12073AB4-DDD4-46FB-B4C6-72D619FF6DBA}.Release|Any CPU.Build.0 = Release|Any CPU
		{0B66B988-D8F0-4832-A700-E29C9C4CC100}.Debug|Any CPU.ActiveCfg = Debug|Any CPU
		{0B66B988-D8F0-4832-A700-E29C9C4CC100}.Debug|Any CPU.Build.0 = Debug|Any CPU
		{0B66B988-D8F0-4832-A700-E29C9C4CC100}.Release|Any CPU.ActiveCfg = Release|Any CPU
		{0B66B988-D8F0-4832-A700-E29C9C4CC100}.Release|Any CPU.Build.0 = Release|Any CPU
		{D08ED5A2-91D6-4A9B-BCC1-E441E06AE2A4}.Debug|Any CPU.ActiveCfg = Debug|Any CPU
		{D08ED5A2-91D6-4A9B-BCC1-E441E06AE2A4}.Debug|Any CPU.Build.0 = Debug|Any CPU
		{D08ED5A2-91D6-4A9B-BCC1-E441E06AE2A4}.Release|Any CPU.ActiveCfg = Release|Any CPU
		{D08ED5A2-91D6-4A9B-BCC1-E441E06AE2A4}.Release|Any CPU.Build.0 = Release|Any CPU
		{9B3C1610-812E-4B76-864D-113D7EBB918D}.Debug|Any CPU.ActiveCfg = Debug|Any CPU
		{9B3C1610-812E-4B76-864D-113D7EBB918D}.Debug|Any CPU.Build.0 = Debug|Any CPU
		{9B3C1610-812E-4B76-864D-113D7EBB918D}.Release|Any CPU.ActiveCfg = Release|Any CPU
		{9B3C1610-812E-4B76-864D-113D7EBB918D}.Release|Any CPU.Build.0 = Release|Any CPU
	EndGlobalSection
	GlobalSection(SolutionProperties) = preSolution
		HideSolutionNode = FALSE
	EndGlobalSection
	GlobalSection(NestedProjects) = preSolution
		{8877DD5C-88D1-49F0-9C2A-85C93C31F819} = {C5EB1D1A-CE89-43AC-ACF3-0A12E99AFD1C}
		{1B6F6D7D-F8DB-4226-8716-E33BD3C635B2} = {722AE77B-EAE6-4CD4-A689-423849D2350A}
		{547FE7EF-B2C9-4961-AB8F-50D076637149} = {800539E4-91B9-47D6-9627-9E248C70B699}
		{12073AB4-DDD4-46FB-B4C6-72D619FF6DBA} = {800539E4-91B9-47D6-9627-9E248C70B699}
		{0B66B988-D8F0-4832-A700-E29C9C4CC100} = {800539E4-91B9-47D6-9627-9E248C70B699}
		{D08ED5A2-91D6-4A9B-BCC1-E441E06AE2A4} = {800539E4-91B9-47D6-9627-9E248C70B699}
		{9B3C1610-812E-4B76-864D-113D7EBB918D} = {800539E4-91B9-47D6-9627-9E248C70B699}
	EndGlobalSection
	GlobalSection(ExtensibilityGlobals) = postSolution
		SolutionGuid = {8117C80D-1B83-451D-A7A4-101B6FDDF852}
	EndGlobalSection
EndGlobal
